
Microsoft Visual Studio Solution File, Format Version 12.00
# Visual Studio 15
VisualStudioVersion = 15.0.27130.0
MinimumVisualStudioVersion = 10.0.40219.1
Project("{8BC9CEB8-8B4A-11D0-8D11-00A0C91BC942}") = "Lab15", "Lab15\Lab15.vcxproj", "{73C4F5F9-023F-41B0-92A3-5A7BDDF172FA}"
EndProject
Project("{2150E333-8FDC-42A3-9474-1A3956D46DE8}") = "Solution Items", "Solution Items", "{E101C71A-4830-4449-8F32-16CF8019C586}"
	ProjectSection(SolutionItems) = preProject
		CHANGELOG.md = CHANGELOG.md
		README.md = README.md
	EndProjectSection
EndProject
Global
	GlobalSection(SolutionConfigurationPlatforms) = preSolution
		Debug|x64 = Debug|x64
		Debug|x86 = Debug|x86
		Release|x64 = Release|x64
		Release|x86 = Release|x86
	EndGlobalSection
	GlobalSection(ProjectConfigurationPlatforms) = postSolution
		{73C4F5F9-023F-41B0-92A3-5A7BDDF172FA}.Debug|x64.ActiveCfg = Debug|x64
		{73C4F5F9-023F-41B0-92A3-5A7BDDF172FA}.Debug|x64.Build.0 = Debug|x64
		{73C4F5F9-023F-41B0-92A3-5A7BDDF172FA}.Debug|x86.ActiveCfg = Debug|Win32
		{73C4F5F9-023F-41B0-92A3-5A7BDDF172FA}.Debug|x86.Build.0 = Debug|Win32
		{73C4F5F9-023F-41B0-92A3-5A7BDDF172FA}.Release|x64.ActiveCfg = Release|x64
		{73C4F5F9-023F-41B0-92A3-5A7BDDF172FA}.Release|x64.Build.0 = Release|x64
		{73C4F5F9-023F-41B0-92A3-5A7BDDF172FA}.Release|x86.ActiveCfg = Release|Win32
		{73C4F5F9-023F-41B0-92A3-5A7BDDF172FA}.Release|x86.Build.0 = Release|Win32
	EndGlobalSection
	GlobalSection(SolutionProperties) = preSolution
		HideSolutionNode = FALSE
	EndGlobalSection
	GlobalSection(ExtensibilityGlobals) = postSolution
		SolutionGuid = {26F5CD39-CD8E-47A1-A385-FF5DF61C8F58}
	EndGlobalSection
EndGlobal
